
Microsoft Visual Studio Solution File, Format Version 12.00
# Visual Studio Version 17
VisualStudioVersion = 17.7.34031.279
MinimumVisualStudioVersion = 10.0.40219.1
Project("{FAE04EC0-301F-11D3-BF4B-00C04F79EFBC}") = "Wyszukiwarka_NOKAUT", "PROJEKT1\Wyszukiwarka_NOKAUT.csproj", "{52A89492-5641-4E8E-B919-2BBF620B96EF}"
EndProject
Global
	GlobalSection(SolutionConfigurationPlatforms) = preSolution
		Debug|Any CPU = Debug|Any CPU
		Release|Any CPU = Release|Any CPU
	EndGlobalSection
	GlobalSection(ProjectConfigurationPlatforms) = postSolution
		{52A89492-5641-4E8E-B919-2BBF620B96EF}.Debug|Any CPU.ActiveCfg = Debug|Any CPU
		{52A89492-5641-4E8E-B919-2BBF620B96EF}.Debug|Any CPU.Build.0 = Debug|Any CPU
		{52A89492-5641-4E8E-B919-2BBF620B96EF}.Release|Any CPU.ActiveCfg = Release|Any CPU
		{52A89492-5641-4E8E-B919-2BBF620B96EF}.Release|Any CPU.Build.0 = Release|Any CPU
	EndGlobalSection
	GlobalSection(SolutionProperties) = preSolution
		HideSolutionNode = FALSE
	EndGlobalSection
	GlobalSection(ExtensibilityGlobals) = postSolution
		SolutionGuid = {05524BC0-0EF8-40EE-B3D4-E041BA643443}
	EndGlobalSection
EndGlobal
